# This file was autogenerated by Stack.
# You should not edit this file by hand.
# For more information, please see the documentation at:
#   https://docs.haskellstack.org/en/stable/lock_files

packages:
- completed:
    hackage: monad-supply-0.9@sha256:4326f7e5fb93c471cb9ac9bc4be738ea3f7f77052bff2d7ebdf7e05172623284,1249
    pantry-tree:
      size: 272
      sha256: 875719dcef5e614d5f029e26ad617f7f9f20777b98dbee8d8ca3e48d3ff5a81f
  original:
    hackage: monad-supply-0.9@sha256:4326f7e5fb93c471cb9ac9bc4be738ea3f7f77052bff2d7ebdf7e05172623284,1249
- completed:
    hackage: set-monad-0.3.0.0@sha256:4b6e63bf9aa80b0d64c078ce17aaf12b17f89cba581a98fdaa98efc824f93450,4051
    pantry-tree:
      size: 212
      sha256: 90c8d19ab0e608e0e658e482b45d5758c66971d4f9a944d1a913507e5da94ebf
  original:
    hackage: set-monad-0.3.0.0@sha256:4b6e63bf9aa80b0d64c078ce17aaf12b17f89cba581a98fdaa98efc824f93450,4051
- completed:
    hackage: data-partition-0.3.0.0@sha256:f48fc331e8165862d8dd4eabf7c7891d1a2fa02f9017a4246d6aa24f503da37d,706
    pantry-tree:
      size: 215
      sha256: 5e28d84977cf7b4dc1a2f6d77b300414b00b0b8fbbda7b529c2ef3c57207bbc5
  original:
    hackage: data-partition-0.3.0.0@sha256:f48fc331e8165862d8dd4eabf7c7891d1a2fa02f9017a4246d6aa24f503da37d,706
- completed:
    hackage: tree-view-0.5@sha256:85fbc67b53c1ef47f020a69051e6a29b27481698fe802cd2ed8ab0108aa69a38,1231
    pantry-tree:
      size: 215
      sha256: d9a18211606d72c340943d0a23fc119e94561f81fa4be118764c8288d259aeff
  original:
    hackage: tree-view-0.5@sha256:85fbc67b53c1ef47f020a69051e6a29b27481698fe802cd2ed8ab0108aa69a38,1231
- completed:
    hackage: numericpeano-0.2.0.0@sha256:e3a1dc960817a81f39d276e7bfa0124e8efa1b91b5c272a70dfa16c38627f172,1406
    pantry-tree:
      size: 266
      sha256: 697cac9f0d18b97fd8f7217cf62bce0d6a040236ca0ecc88f1533d0999e900ff
  original:
    hackage: numericpeano-0.2.0.0@sha256:e3a1dc960817a81f39d276e7bfa0124e8efa1b91b5c272a70dfa16c38627f172,1406
- completed:
    hackage: type-iso-1.0.1.0@sha256:75682a06a5af1798c6641ba3cc175685a1f699962ad22ab194a487c0d6b7da66,1892
    pantry-tree:
      size: 339
      sha256: bbb0c4d271769eddfce41bdaa56c51e14c79ba4c3149b1e39a06b27eb73603b9
  original:
    hackage: type-iso-1.0.1.0@sha256:75682a06a5af1798c6641ba3cc175685a1f699962ad22ab194a487c0d6b7da66,1892
snapshots:
- completed:
    size: 532177
    url: https://raw.githubusercontent.com/commercialhaskell/stackage-snapshots/master/lts/16/19.yaml
    sha256: d2b828ecf50386841d0c5700b58d38566992e10d63a062af497ab29ab031faa1
  original: lts-16.19
