# This file was autogenerated by Stack.
# You should not edit this file by hand.
# For more information, please see the documentation at:
#   https://docs.haskellstack.org/en/stable/lock_files

packages:
- completed:
    hackage: set-monad-0.3.0.0@sha256:4b6e63bf9aa80b0d64c078ce17aaf12b17f89cba581a98fdaa98efc824f93450,4051
    pantry-tree:
      size: 212
      sha256: 90c8d19ab0e608e0e658e482b45d5758c66971d4f9a944d1a913507e5da94ebf
  original:
    hackage: set-monad-0.3.0.0@sha256:4b6e63bf9aa80b0d64c078ce17aaf12b17f89cba581a98fdaa98efc824f93450,4051
snapshots:
- completed:
    size: 532379
    url: https://raw.githubusercontent.com/commercialhaskell/stackage-snapshots/master/lts/16/8.yaml
    sha256: 2ad3210d2ad35f3176005d68369a18e4d984517bfaa2caade76f28ed0b2e0521
  original: lts-16.8
