# This file was autogenerated by Stack.
# You should not edit this file by hand.
# For more information, please see the documentation at:
#   https://docs.haskellstack.org/en/stable/lock_files

packages:
- completed:
    hackage: set-monad-0.3.0.0@sha256:4b6e63bf9aa80b0d64c078ce17aaf12b17f89cba581a98fdaa98efc824f93450,4051
    pantry-tree:
      size: 212
      sha256: 90c8d19ab0e608e0e658e482b45d5758c66971d4f9a944d1a913507e5da94ebf
  original:
    hackage: set-monad-0.3.0.0@sha256:4b6e63bf9aa80b0d64c078ce17aaf12b17f89cba581a98fdaa98efc824f93450,4051
snapshots:
- completed:
    size: 532381
    url: https://raw.githubusercontent.com/commercialhaskell/stackage-snapshots/master/lts/16/13.yaml
    sha256: 6ee17f7996e5bc75ae4406250841f1362ad4196418a4d90a0615ff4f26ac98df
  original: lts-16.13
